
Microsoft Visual Studio Solution File, Format Version 12.00
# Visual Studio Version 16
VisualStudioVersion = 16.0.30907.101
MinimumVisualStudioVersion = 10.0.40219.1
Project("{FAE04EC0-301F-11D3-BF4B-00C04F79EFBC}") = "ApartmentMaintenanceApp", "ApartmentMaintenanceApp.csproj", "{C0CFD6BD-A558-444A-841C-9D05B80ED181}"
EndProject
Global
	GlobalSection(SolutionConfigurationPlatforms) = preSolution
		Debug|Any CPU = Debug|Any CPU
		Release|Any CPU = Release|Any CPU
	EndGlobalSection
	GlobalSection(ProjectConfigurationPlatforms) = postSolution
		{C0CFD6BD-A558-444A-841C-9D05B80ED181}.Debug|Any CPU.ActiveCfg = Debug|Any CPU
		{C0CFD6BD-A558-444A-841C-9D05B80ED181}.Debug|Any CPU.Build.0 = Debug|Any CPU
		{C0CFD6BD-A558-444A-841C-9D05B80ED181}.Release|Any CPU.ActiveCfg = Release|Any CPU
		{C0CFD6BD-A558-444A-841C-9D05B80ED181}.Release|Any CPU.Build.0 = Release|Any CPU
	EndGlobalSection
	GlobalSection(SolutionProperties) = preSolution
		HideSolutionNode = FALSE
	EndGlobalSection
	GlobalSection(ExtensibilityGlobals) = postSolution
		SolutionGuid = {93F25B55-5AFF-4133-AA0F-D2DEAEDB269A}
	EndGlobalSection
EndGlobal
